
Microsoft Visual Studio Solution File, Format Version 12.00
# Visual Studio Version 17
VisualStudioVersion = 17.4.33403.182
MinimumVisualStudioVersion = 10.0.40219.1
Project("{9A19103F-16F7-4668-BE54-9A1E7A4F7556}") = "StocksApp", "StocksApp\StocksApp.csproj", "{AD37CD24-772F-4EE3-8F55-E664CADCE626}"
EndProject
Project("{FAE04EC0-301F-11D3-BF4B-00C04F79EFBC}") = "FinnhubService", "FinnhubService\FinnhubService.csproj", "{F91C6655-D060-46EC-BE50-6D4D8361C64C}"
EndProject
Project("{FAE04EC0-301F-11D3-BF4B-00C04F79EFBC}") = "Interfaces", "Interfaces\Interfaces.csproj", "{4BB641E4-1D1E-4413-ABE0-4B32B71A1833}"
EndProject
Global
	GlobalSection(SolutionConfigurationPlatforms) = preSolution
		Debug|Any CPU = Debug|Any CPU
		Release|Any CPU = Release|Any CPU
	EndGlobalSection
	GlobalSection(ProjectConfigurationPlatforms) = postSolution
		{AD37CD24-772F-4EE3-8F55-E664CADCE626}.Debug|Any CPU.ActiveCfg = Debug|Any CPU
		{AD37CD24-772F-4EE3-8F55-E664CADCE626}.Debug|Any CPU.Build.0 = Debug|Any CPU
		{AD37CD24-772F-4EE3-8F55-E664CADCE626}.Release|Any CPU.ActiveCfg = Release|Any CPU
		{AD37CD24-772F-4EE3-8F55-E664CADCE626}.Release|Any CPU.Build.0 = Release|Any CPU
		{F91C6655-D060-46EC-BE50-6D4D8361C64C}.Debug|Any CPU.ActiveCfg = Debug|Any CPU
		{F91C6655-D060-46EC-BE50-6D4D8361C64C}.Debug|Any CPU.Build.0 = Debug|Any CPU
		{F91C6655-D060-46EC-BE50-6D4D8361C64C}.Release|Any CPU.ActiveCfg = Release|Any CPU
		{F91C6655-D060-46EC-BE50-6D4D8361C64C}.Release|Any CPU.Build.0 = Release|Any CPU
		{4BB641E4-1D1E-4413-ABE0-4B32B71A1833}.Debug|Any CPU.ActiveCfg = Debug|Any CPU
		{4BB641E4-1D1E-4413-ABE0-4B32B71A1833}.Debug|Any CPU.Build.0 = Debug|Any CPU
		{4BB641E4-1D1E-4413-ABE0-4B32B71A1833}.Release|Any CPU.ActiveCfg = Release|Any CPU
		{4BB641E4-1D1E-4413-ABE0-4B32B71A1833}.Release|Any CPU.Build.0 = Release|Any CPU
	EndGlobalSection
	GlobalSection(SolutionProperties) = preSolution
		HideSolutionNode = FALSE
	EndGlobalSection
	GlobalSection(ExtensibilityGlobals) = postSolution
		SolutionGuid = {501A4F23-2921-4678-BD62-0D2BA5B86907}
	EndGlobalSection
EndGlobal
